
Microsoft Visual Studio Solution File, Format Version 12.00
# Visual Studio 15
VisualStudioVersion = 15.0.28307.102
MinimumVisualStudioVersion = 10.0.40219.1
Project("{FAE04EC0-301F-11D3-BF4B-00C04F79EFBC}") = "CRUD", "CRUD\CRUD.csproj", "{6CB2F23E-2809-43E1-B8F1-D3DE89C70347}"
EndProject
Global
	GlobalSection(SolutionConfigurationPlatforms) = preSolution
		Debug|Any CPU = Debug|Any CPU
		Release|Any CPU = Release|Any CPU
	EndGlobalSection
	GlobalSection(ProjectConfigurationPlatforms) = postSolution
		{6CB2F23E-2809-43E1-B8F1-D3DE89C70347}.Debug|Any CPU.ActiveCfg = Debug|Any CPU
		{6CB2F23E-2809-43E1-B8F1-D3DE89C70347}.Debug|Any CPU.Build.0 = Debug|Any CPU
		{6CB2F23E-2809-43E1-B8F1-D3DE89C70347}.Release|Any CPU.ActiveCfg = Release|Any CPU
		{6CB2F23E-2809-43E1-B8F1-D3DE89C70347}.Release|Any CPU.Build.0 = Release|Any CPU
	EndGlobalSection
	GlobalSection(SolutionProperties) = preSolution
		HideSolutionNode = FALSE
	EndGlobalSection
	GlobalSection(ExtensibilityGlobals) = postSolution
		SolutionGuid = {CD0CFCD0-5E60-45DE-95AE-524BCB5E682D}
	EndGlobalSection
EndGlobal
