
Microsoft Visual Studio Solution File, Format Version 12.00
# Visual Studio 15
VisualStudioVersion = 15.0.28307.102
MinimumVisualStudioVersion = 10.0.40219.1
Project("{FAE04EC0-301F-11D3-BF4B-00C04F79EFBC}") = "Palindrome", "Palindrome\Palindrome.csproj", "{287088F3-61A0-407D-BD74-3B80E0699BB4}"
EndProject
Global
	GlobalSection(SolutionConfigurationPlatforms) = preSolution
		Debug|Any CPU = Debug|Any CPU
		Release|Any CPU = Release|Any CPU
	EndGlobalSection
	GlobalSection(ProjectConfigurationPlatforms) = postSolution
		{287088F3-61A0-407D-BD74-3B80E0699BB4}.Debug|Any CPU.ActiveCfg = Debug|Any CPU
		{287088F3-61A0-407D-BD74-3B80E0699BB4}.Debug|Any CPU.Build.0 = Debug|Any CPU
		{287088F3-61A0-407D-BD74-3B80E0699BB4}.Release|Any CPU.ActiveCfg = Release|Any CPU
		{287088F3-61A0-407D-BD74-3B80E0699BB4}.Release|Any CPU.Build.0 = Release|Any CPU
	EndGlobalSection
	GlobalSection(SolutionProperties) = preSolution
		HideSolutionNode = FALSE
	EndGlobalSection
	GlobalSection(ExtensibilityGlobals) = postSolution
		SolutionGuid = {4DD9A035-11EA-434B-A4BD-C9DF8019BF31}
	EndGlobalSection
EndGlobal
